
Microsoft Visual Studio Solution File, Format Version 12.00
# Visual Studio Version 17
VisualStudioVersion = 17.5.33516.290
MinimumVisualStudioVersion = 10.0.40219.1
Project("{9A19103F-16F7-4668-BE54-9A1E7A4F7556}") = "IdentityServer.Api", "IdentityServer.Api\IdentityServer.Api.csproj", "{BEA049F4-863B-4457-B960-102F9B693839}"
EndProject
Project("{FAE04EC0-301F-11D3-BF4B-00C04F79EFBC}") = "Catalog.API", "Catalog.API\Catalog.API.csproj", "{CFD8FF86-1445-4058-92F3-FD01DFE79CB0}"
EndProject
Project("{FAE04EC0-301F-11D3-BF4B-00C04F79EFBC}") = "ClientApp", "ClientApp\ClientApp.csproj", "{AE91FB54-EA94-4131-9A93-00771948FDAF}"
EndProject
Global
	GlobalSection(SolutionConfigurationPlatforms) = preSolution
		Debug|Any CPU = Debug|Any CPU
		Release|Any CPU = Release|Any CPU
	EndGlobalSection
	GlobalSection(ProjectConfigurationPlatforms) = postSolution
		{BEA049F4-863B-4457-B960-102F9B693839}.Debug|Any CPU.ActiveCfg = Debug|Any CPU
		{BEA049F4-863B-4457-B960-102F9B693839}.Debug|Any CPU.Build.0 = Debug|Any CPU
		{BEA049F4-863B-4457-B960-102F9B693839}.Release|Any CPU.ActiveCfg = Release|Any CPU
		{BEA049F4-863B-4457-B960-102F9B693839}.Release|Any CPU.Build.0 = Release|Any CPU
		{CFD8FF86-1445-4058-92F3-FD01DFE79CB0}.Debug|Any CPU.ActiveCfg = Debug|Any CPU
		{CFD8FF86-1445-4058-92F3-FD01DFE79CB0}.Debug|Any CPU.Build.0 = Debug|Any CPU
		{CFD8FF86-1445-4058-92F3-FD01DFE79CB0}.Release|Any CPU.ActiveCfg = Release|Any CPU
		{CFD8FF86-1445-4058-92F3-FD01DFE79CB0}.Release|Any CPU.Build.0 = Release|Any CPU
		{AE91FB54-EA94-4131-9A93-00771948FDAF}.Debug|Any CPU.ActiveCfg = Debug|Any CPU
		{AE91FB54-EA94-4131-9A93-00771948FDAF}.Debug|Any CPU.Build.0 = Debug|Any CPU
		{AE91FB54-EA94-4131-9A93-00771948FDAF}.Release|Any CPU.ActiveCfg = Release|Any CPU
		{AE91FB54-EA94-4131-9A93-00771948FDAF}.Release|Any CPU.Build.0 = Release|Any CPU
	EndGlobalSection
	GlobalSection(SolutionProperties) = preSolution
		HideSolutionNode = FALSE
	EndGlobalSection
	GlobalSection(ExtensibilityGlobals) = postSolution
		SolutionGuid = {87E69DE7-E4AF-4E30-B0BE-502D27E55BB9}
	EndGlobalSection
EndGlobal
